
Microsoft Visual Studio Solution File, Format Version 12.00
# Visual Studio 14
VisualStudioVersion = 14.0.25420.1
MinimumVisualStudioVersion = 10.0.40219.1
Project("{9092AA53-FB77-4645-B42D-1CCCA6BD08BD}") = "edm-client", "edm-client.njsproj", "{B17D480B-50F0-461E-826D-8F8C96F51F25}"
EndProject
Global
	GlobalSection(SolutionConfigurationPlatforms) = preSolution
		Debug|Any CPU = Debug|Any CPU
		Release|Any CPU = Release|Any CPU
	EndGlobalSection
	GlobalSection(ProjectConfigurationPlatforms) = postSolution
		{B17D480B-50F0-461E-826D-8F8C96F51F25}.Debug|Any CPU.ActiveCfg = Debug|Any CPU
		{B17D480B-50F0-461E-826D-8F8C96F51F25}.Debug|Any CPU.Build.0 = Debug|Any CPU
		{B17D480B-50F0-461E-826D-8F8C96F51F25}.Release|Any CPU.ActiveCfg = Release|Any CPU
		{B17D480B-50F0-461E-826D-8F8C96F51F25}.Release|Any CPU.Build.0 = Release|Any CPU
	EndGlobalSection
	GlobalSection(SolutionProperties) = preSolution
		HideSolutionNode = FALSE
	EndGlobalSection
EndGlobal
